<?xml version="1.0" encoding="utf-8"?>
<Project ToolsVersion="4.0" xmlns="http://schemas.microsoft.com/developer/msbuild/2003">
  <ItemGroup>
    <Filter Include="Source Files">
      <UniqueIdentifier>{4FC737F1-C7A5-4376-A066-2A32D752A2FF}</UniqueIdentifier>
      <Extensions>cpp;c;cc;cxx;def;odl;idl;hpj;bat;asm;asmx</Extensions>
    </Filter>
    <Filter Include="Header Files">
      <UniqueIdentifier>{93995380-89BD-4b04-88EB-625FBE52EBFB}</UniqueIdentifier>
      <Extensions>h;hpp;hxx;hm;inl;inc;xsd</Extensions>
    </Filter>
    <Filter Include="Resource Files">
      <UniqueIdentifier>{67DA6AB6-F800-4c08-8B7A-83BB121AAD01}</UniqueIdentifier>
      <Extensions>rc;ico;cur;bmp;dlg;rc2;rct;bin;rgs;gif;jpg;jpeg;jpe;resx;tiff;tif;png;wav;mfcribbon-ms</Extensions>
    </Filter>
  </ItemGroup>
  <ItemGroup>
    <ClInclude Include="src\Candy\View.h">
      <Filter>Header Files</Filter>
    </ClInclude>
    <ClInclude Include="src\Candy\Resources\MeshFactory.h">
      <Filter>Header Files</Filter>
    </ClInclude>
    <ClInclude Include="src\Candy\Resources\Resource.h">
      <Filter>Header Files</Filter>
    </ClInclude>
    <ClInclude Include="src\Candy\Resources\ResourceInfo.h">
      <Filter>Header Files</Filter>
    </ClInclude>
    <ClInclude Include="src\Candy\Resources\ResourcePool.h">
      <Filter>Header Files</Filter>
    </ClInclude>
    <ClInclude Include="src\Candy\Resources\ShaderProgram.h">
      <Filter>Header Files</Filter>
    </ClInclude>
    <ClInclude Include="src\Candy\Resources\Texture.h">
      <Filter>Header Files</Filter>
    </ClInclude>
    <ClInclude Include="src\Candy\Tests\Crate.h">
      <Filter>Header Files</Filter>
    </ClInclude>
    <ClInclude Include="src\Candy\Tests\Fractal.h">
      <Filter>Header Files</Filter>
    </ClInclude>
    <ClInclude Include="src\Candy\Animation.h">
      <Filter>Header Files</Filter>
    </ClInclude>
    <ClInclude Include="src\Candy\CoordinateCross.h">
      <Filter>Header Files</Filter>
    </ClInclude>
    <ClInclude Include="src\Candy\GlutHook.h">
      <Filter>Header Files</Filter>
    </ClInclude>
    <ClInclude Include="src\Candy\Group.h">
      <Filter>Header Files</Filter>
    </ClInclude>
    <ClInclude Include="src\Candy\IDrawable.h">
      <Filter>Header Files</Filter>
    </ClInclude>
    <ClInclude Include="src\Candy\IEngine.h">
      <Filter>Header Files</Filter>
    </ClInclude>
    <ClInclude Include="src\Candy\Mesh.h">
      <Filter>Header Files</Filter>
    </ClInclude>
    <ClInclude Include="src\Candy\Node.h">
      <Filter>Header Files</Filter>
    </ClInclude>
    <ClInclude Include="src\Candy\OpenGL.h">
      <Filter>Header Files</Filter>
    </ClInclude>
    <ClInclude Include="src\Candy\PtnVisual.h">
      <Filter>Header Files</Filter>
    </ClInclude>
    <ClInclude Include="src\Candy\Resources.h">
      <Filter>Header Files</Filter>
    </ClInclude>
    <ClInclude Include="src\Candy\Scene.h">
      <Filter>Header Files</Filter>
    </ClInclude>
    <ClInclude Include="src\Candy\Shader.h">
      <Filter>Header Files</Filter>
    </ClInclude>
    <ClInclude Include="src\Candy\Uniform.h">
      <Filter>Header Files</Filter>
    </ClInclude>
    <ClInclude Include="src\Tools\ToString.h">
      <Filter>Header Files</Filter>
    </ClInclude>
    <ClInclude Include="src\Tools\Benchmark.h">
      <Filter>Header Files</Filter>
    </ClInclude>
    <ClInclude Include="src\Tools\Containers.h">
      <Filter>Header Files</Filter>
    </ClInclude>
    <ClInclude Include="src\tools\coord.h">
      <Filter>Header Files</Filter>
    </ClInclude>
    <ClInclude Include="src\Tools\Coord2.h">
      <Filter>Header Files</Filter>
    </ClInclude>
    <ClInclude Include="src\Tools\FunctionCache.h">
      <Filter>Header Files</Filter>
    </ClInclude>
    <ClInclude Include="src\tools\image3ub.h">
      <Filter>Header Files</Filter>
    </ClInclude>
    <ClInclude Include="src\tools\linalg.h">
      <Filter>Header Files</Filter>
    </ClInclude>
    <ClInclude Include="src\Tools\Math.h">
      <Filter>Header Files</Filter>
    </ClInclude>
    <ClInclude Include="src\Tools\MoreStd.h">
      <Filter>Header Files</Filter>
    </ClInclude>
    <ClInclude Include="src\tools\perlin.h">
      <Filter>Header Files</Filter>
    </ClInclude>
    <ClInclude Include="src\Tools\Plot.h">
      <Filter>Header Files</Filter>
    </ClInclude>
    <ClInclude Include="src\tools\ptr.h">
      <Filter>Header Files</Filter>
    </ClInclude>
    <ClInclude Include="src\tools\random.h">
      <Filter>Header Files</Filter>
    </ClInclude>
    <ClInclude Include="src\tools\timer.h">
      <Filter>Header Files</Filter>
    </ClInclude>
    <ClInclude Include="src\slgui\widget.h">
      <Filter>Header Files</Filter>
    </ClInclude>
    <ClInclude Include="src\slgui\common.h">
      <Filter>Header Files</Filter>
    </ClInclude>
    <ClInclude Include="src\SLGUI\Layout.h">
      <Filter>Header Files</Filter>
    </ClInclude>
    <ClInclude Include="src\slgui\manager.h">
      <Filter>Header Files</Filter>
    </ClInclude>
    <ClInclude Include="src\slgui\object.h">
      <Filter>Header Files</Filter>
    </ClInclude>
    <ClInclude Include="src\SLGUI\Painter.h">
      <Filter>Header Files</Filter>
    </ClInclude>
    <ClInclude Include="src\slgui\scheme.h">
      <Filter>Header Files</Filter>
    </ClInclude>
    <ClInclude Include="src\SLGUI\Widgets\Window.h">
      <Filter>Header Files</Filter>
    </ClInclude>
    <ClInclude Include="src\SLGUI\Widgets\Button.h">
      <Filter>Header Files</Filter>
    </ClInclude>
    <ClInclude Include="src\SLGUI\Widgets\Frame.h">
      <Filter>Header Files</Filter>
    </ClInclude>
    <ClInclude Include="src\SLGUI\Widgets\KeyValueList.h">
      <Filter>Header Files</Filter>
    </ClInclude>
    <ClInclude Include="src\SLGUI\Widgets\Label.h">
      <Filter>Header Files</Filter>
    </ClInclude>
    <ClInclude Include="src\SLGUI\Widgets\ListBox.h">
      <Filter>Header Files</Filter>
    </ClInclude>
    <ClInclude Include="src\SLGUI\Widgets\TextBox.h">
      <Filter>Header Files</Filter>
    </ClInclude>
    <ClInclude Include="src\Tools\Image.h">
      <Filter>Header Files</Filter>
    </ClInclude>
  </ItemGroup>
  <ItemGroup>
    <ClCompile Include="src\Candy\Resources\MeshFactory.cpp">
      <Filter>Source Files</Filter>
    </ClCompile>
    <ClCompile Include="src\Candy\Resources\ResourceInfo.cpp">
      <Filter>Source Files</Filter>
    </ClCompile>
    <ClCompile Include="src\Candy\Resources\ResourcePool.cpp">
      <Filter>Source Files</Filter>
    </ClCompile>
    <ClCompile Include="src\Candy\Resources\ShaderProgram.cpp">
      <Filter>Source Files</Filter>
    </ClCompile>
    <ClCompile Include="src\Candy\Resources\Texture.cpp">
      <Filter>Source Files</Filter>
    </ClCompile>
    <ClCompile Include="src\Candy\Tests\Crate.cpp">
      <Filter>Source Files</Filter>
    </ClCompile>
    <ClCompile Include="src\Candy\Tests\Fractal.cpp">
      <Filter>Source Files</Filter>
    </ClCompile>
    <ClCompile Include="src\Candy\Animation.cpp">
      <Filter>Source Files</Filter>
    </ClCompile>
    <ClCompile Include="src\Candy\CoordinateCross.cpp">
      <Filter>Source Files</Filter>
    </ClCompile>
    <ClCompile Include="src\Candy\GlutHook.cpp">
      <Filter>Source Files</Filter>
    </ClCompile>
    <ClCompile Include="src\Candy\Group.cpp">
      <Filter>Source Files</Filter>
    </ClCompile>
    <ClCompile Include="src\Candy\Mesh.cpp">
      <Filter>Source Files</Filter>
    </ClCompile>
    <ClCompile Include="src\Candy\Node.cpp">
      <Filter>Source Files</Filter>
    </ClCompile>
    <ClCompile Include="src\Candy\PtnVisual.cpp">
      <Filter>Source Files</Filter>
    </ClCompile>
    <ClCompile Include="src\Candy\Resources.cpp">
      <Filter>Source Files</Filter>
    </ClCompile>
    <ClCompile Include="src\Candy\Scene.cpp">
      <Filter>Source Files</Filter>
    </ClCompile>
    <ClCompile Include="src\Candy\Shader.cpp">
      <Filter>Source Files</Filter>
    </ClCompile>
    <ClCompile Include="src\Candy\Uniform.cpp">
      <Filter>Source Files</Filter>
    </ClCompile>
    <ClCompile Include="src\Candy\View.cpp">
      <Filter>Source Files</Filter>
    </ClCompile>
    <ClCompile Include="src\Tools\LinAlg.cpp">
      <Filter>Source Files</Filter>
    </ClCompile>
    <ClCompile Include="src\Tools\Perlin.cpp">
      <Filter>Source Files</Filter>
    </ClCompile>
    <ClCompile Include="src\Tools\Plot.cpp">
      <Filter>Source Files</Filter>
    </ClCompile>
    <ClCompile Include="src\Tools\Random.cpp">
      <Filter>Source Files</Filter>
    </ClCompile>
    <ClCompile Include="src\SLGUI\Layout.cpp">
      <Filter>Source Files</Filter>
    </ClCompile>
    <ClCompile Include="src\SLGUI\Manager.cpp">
      <Filter>Source Files</Filter>
    </ClCompile>
    <ClCompile Include="src\SLGUI\Object.cpp">
      <Filter>Source Files</Filter>
    </ClCompile>
    <ClCompile Include="src\SLGUI\Painter.cpp">
      <Filter>Source Files</Filter>
    </ClCompile>
    <ClCompile Include="src\SLGUI\Scheme.cpp">
      <Filter>Source Files</Filter>
    </ClCompile>
    <ClCompile Include="src\SLGUI\Widget.cpp">
      <Filter>Source Files</Filter>
    </ClCompile>
    <ClCompile Include="src\SLGUI\Widgets\Button.cpp">
      <Filter>Source Files</Filter>
    </ClCompile>
    <ClCompile Include="src\SLGUI\Widgets\Frame.cpp">
      <Filter>Source Files</Filter>
    </ClCompile>
    <ClCompile Include="src\SLGUI\Widgets\KeyValueList.cpp">
      <Filter>Source Files</Filter>
    </ClCompile>
    <ClCompile Include="src\SLGUI\Widgets\Label.cpp">
      <Filter>Source Files</Filter>
    </ClCompile>
    <ClCompile Include="src\SLGUI\Widgets\ListBox.cpp">
      <Filter>Source Files</Filter>
    </ClCompile>
    <ClCompile Include="src\SLGUI\Widgets\Window.cpp">
      <Filter>Source Files</Filter>
    </ClCompile>
    <ClCompile Include="src\SLGUI\Widgets\TextBox.cpp">
      <Filter>Source Files</Filter>
    </ClCompile>
    <ClCompile Include="src\Tools\Image.cpp">
      <Filter>Source Files</Filter>
    </ClCompile>
  </ItemGroup>
</Project>